
Microsoft Visual Studio Solution File, Format Version 12.00
# Visual Studio Version 17
VisualStudioVersion = 17.14.36603.0 d17.14
MinimumVisualStudioVersion = 10.0.40219.1
Project("{FAE04EC0-301F-11D3-BF4B-00C04F79EFBC}") = "ExplicitConversion", "ExplicitConversion\ExplicitConversion.csproj", "{26820937-79ED-4B7A-9F27-CF81E4BE718D}"
EndProject
Global
	GlobalSection(SolutionConfigurationPlatforms) = preSolution
		Debug|Any CPU = Debug|Any CPU
		Release|Any CPU = Release|Any CPU
	EndGlobalSection
	GlobalSection(ProjectConfigurationPlatforms) = postSolution
		{26820937-79ED-4B7A-9F27-CF81E4BE718D}.Debug|Any CPU.ActiveCfg = Debug|Any CPU
		{26820937-79ED-4B7A-9F27-CF81E4BE718D}.Debug|Any CPU.Build.0 = Debug|Any CPU
		{26820937-79ED-4B7A-9F27-CF81E4BE718D}.Release|Any CPU.ActiveCfg = Release|Any CPU
		{26820937-79ED-4B7A-9F27-CF81E4BE718D}.Release|Any CPU.Build.0 = Release|Any CPU
	EndGlobalSection
	GlobalSection(SolutionProperties) = preSolution
		HideSolutionNode = FALSE
	EndGlobalSection
	GlobalSection(ExtensibilityGlobals) = postSolution
		SolutionGuid = {8698B215-59CE-439E-96AC-BA2BA6331E6F}
	EndGlobalSection
EndGlobal
