
Microsoft Visual Studio Solution File, Format Version 12.00
# Visual Studio Version 17
VisualStudioVersion = 17.14.36603.0 d17.14
MinimumVisualStudioVersion = 10.0.40219.1
Project("{FAE04EC0-301F-11D3-BF4B-00C04F79EFBC}") = "Top10AvgSum", "Top10AvgSum\Top10AvgSum.csproj", "{6F0D6ED5-13C6-4BDC-B8F6-0CA33F58EFD2}"
EndProject
Global
	GlobalSection(SolutionConfigurationPlatforms) = preSolution
		Debug|Any CPU = Debug|Any CPU
		Release|Any CPU = Release|Any CPU
	EndGlobalSection
	GlobalSection(ProjectConfigurationPlatforms) = postSolution
		{6F0D6ED5-13C6-4BDC-B8F6-0CA33F58EFD2}.Debug|Any CPU.ActiveCfg = Debug|Any CPU
		{6F0D6ED5-13C6-4BDC-B8F6-0CA33F58EFD2}.Debug|Any CPU.Build.0 = Debug|Any CPU
		{6F0D6ED5-13C6-4BDC-B8F6-0CA33F58EFD2}.Release|Any CPU.ActiveCfg = Release|Any CPU
		{6F0D6ED5-13C6-4BDC-B8F6-0CA33F58EFD2}.Release|Any CPU.Build.0 = Release|Any CPU
	EndGlobalSection
	GlobalSection(SolutionProperties) = preSolution
		HideSolutionNode = FALSE
	EndGlobalSection
	GlobalSection(ExtensibilityGlobals) = postSolution
		SolutionGuid = {6F5845DA-F509-4684-BAEC-F0461EF2D1AE}
	EndGlobalSection
EndGlobal
